{
  "name": "flask-like",
  "version": "1.0.0",
  "lockfileVersion": 1,
  "requires": true,
  "dependencies": {
    "@conical/core": {
      "version": "file:node_modules/@conical/core",
      "requires": {
        "jshashes": "1.0.7",
        "reflect-metadata": "0.1.10",
        "winston": "2.3.1"
      },
      "dependencies": {
        "async": {
          "version": "1.0.0",
          "bundled": true
        },
        "colors": {
          "version": "1.0.3",
          "bundled": true
        },
        "cycle": {
          "version": "1.0.3",
          "bundled": true
        },
        "eyes": {
          "version": "0.1.8",
          "bundled": true
        },
        "isstream": {
          "version": "0.1.2",
          "bundled": true
        },
        "jshashes": {
          "version": "1.0.7",
          "bundled": true
        },
        "reflect-metadata": {
          "version": "0.1.10",
          "bundled": true
        },
        "stack-trace": {
          "version": "0.0.10",
          "bundled": true
        },
        "winston": {
          "version": "2.3.1",
          "bundled": true,
          "requires": {
            "async": "1.0.0",
            "colors": "1.0.3",
            "cycle": "1.0.3",
            "eyes": "0.1.8",
            "isstream": "0.1.2",
            "stack-trace": "0.0.10"
          },
          "dependencies": {
            "async": {
              "version": "1.0.0",
              "bundled": true
            },
            "colors": {
              "version": "1.0.3",
              "bundled": true
            },
            "cycle": {
              "version": "1.0.3",
              "bundled": true
            },
            "eyes": {
              "version": "0.1.8",
              "bundled": true
            },
            "isstream": {
              "version": "0.1.2",
              "bundled": true
            },
            "stack-trace": {
              "version": "0.0.10",
              "bundled": true
            }
          }
        }
      }
    },
    "@conical/logger": {
      "version": "file:node_modules/@conical/logger",
      "dependencies": {
        "@types/node": {
          "version": "8.0.11",
          "bundled": true
        },
        "@types/winston": {
          "version": "2.3.3",
          "bundled": true
        },
        "async": {
          "version": "1.0.0",
          "bundled": true
        },
        "colors": {
          "version": "1.0.3",
          "bundled": true
        },
        "cycle": {
          "version": "1.0.3",
          "bundled": true
        },
        "eyes": {
          "version": "0.1.8",
          "bundled": true
        },
        "isstream": {
          "version": "0.1.2",
          "bundled": true
        },
        "stack-trace": {
          "version": "0.0.10",
          "bundled": true
        },
        "winston": {
          "version": "2.3.1",
          "bundled": true
        }
      }
    },
    "@types/node": {
      "version": "https://registry.npmjs.org/@types/node/-/node-8.0.10.tgz",
      "integrity": "sha1-Eu/skYOwctX5Uc+GOVpMeA+Gihc=",
      "dev": true
    }
  }
}
